{
  "lockfileVersion": 1,
  "workspaces": {
    "": {
      "name": "vapour",
      "dependencies": {
        "steamworks.js": "^0.4.0",
      },
    },
  },
  "packages": {
    "@types/node": ["@types/node@24.8.1", "", { "dependencies": { "undici-types": "~7.14.0" } }, "sha512-alv65KGRadQVfVcG69MuB4IzdYVpRwMG/mq8KWOaoOdyY617P5ivaDiMCGOFDWD2sAn5Q0mR3mRtUOgm99hL9Q=="],

    "steamworks.js": ["steamworks.js@0.4.0", "", { "dependencies": { "@types/node": "*" } }, "sha512-O5TTRs7ucCRql4IA/kYUIQYeghTsXqf3rAm81sC22RDId264LQYqQjuaMEUSqL60I5LdULiGu0W2/A+ZDcKBKA=="],

    "undici-types": ["undici-types@7.14.0", "", {}, "sha512-QQiYxHuyZ9gQUIrmPo3IA+hUl4KYk8uSA7cHrcKd/l3p1OTpZcM0Tbp9x7FAtXdAYhlasd60ncPpgu6ihG6TOA=="],
  }
}
