{
  "lockfileVersion": 1,
  "workspaces": {
    "": {
      "name": "vapour",
      "dependencies": {
        "steamworks-ffi-node": "^0.5.3",
      },
    },
  },
  "packages": {
    "koffi": ["koffi@2.14.1", "", {}, "sha512-IMFL3IbRDXacSIjs7pPbPxgNlJ2hUtawQXU2QPdr6iw38jmv5AesAUG8HPX00xl0PPA2BbEa3noTw1YdHY+gHg=="],

    "steamworks-ffi-node": ["steamworks-ffi-node@0.5.3", "", { "dependencies": { "koffi": "^2.8.8" } }, "sha512-Pgy2g1cx1zmGttNZ9Ar6Ldr1JJyonjZCcl9U2ju37Giq4AUEYAjuMxhF0sVj1GuBewxqQRIJWz8nEwMxtjV1Bg=="],
  }
}
